// !$*UTF8*$!
{
	archiveVersion = 1;
	classes = {
	};
	objectVersion = 45;
	objects = {

/* Begin PBXBuildFile section */
		1D3623260D0F684500981E51 /* iphoneAppDelegate.m in Sources */ = {isa = PBXBuildFile; fileRef = 1D3623250D0F684500981E51 /* iphoneAppDelegate.m */; };
		1D60589B0D05DD56006BFB54 /* main.m in Sources */ = {isa = PBXBuildFile; fileRef = 29B97316FDCFA39411CA2CEA /* main.m */; };
		1D60589F0D05DD5A006BFB54 /* Foundation.framework in Frameworks */ = {isa = PBXBuildFile; fileRef = 1D30AB110D05D00D00671497 /* Foundation.framework */; };
		1DF5F4E00D08C38300B7A737 /* UIKit.framework in Frameworks */ = {isa = PBXBuildFile; fileRef = 1DF5F4DF0D08C38300B7A737 /* UIKit.framework */; };
		288765FD0DF74451002DB57D /* CoreGraphics.framework in Frameworks */ = {isa = PBXBuildFile; fileRef = 288765FC0DF74451002DB57D /* CoreGraphics.framework */; };
		2F3C411311536954004C57B2 /* CustomerViewController.m in Sources */ = {isa = PBXBuildFile; fileRef = 2F3C411211536954004C57B2 /* CustomerViewController.m */; };
		2F3C413B11536D1A004C57B2 /* CustomerAddController.m in Sources */ = {isa = PBXBuildFile; fileRef = 2F3C413A11536D1A004C57B2 /* CustomerAddController.m */; };
		2F70F3471157173900595BBF /* libsqlite3.0.dylib in Frameworks */ = {isa = PBXBuildFile; fileRef = 2F70F3461157173900595BBF /* libsqlite3.0.dylib */; };
		2F70F357115717EB00595BBF /* Customer.m in Sources */ = {isa = PBXBuildFile; fileRef = 2F70F356115717EB00595BBF /* Customer.m */; };
		2FA9EF7D115C56850050315B /* Connection.m in Sources */ = {isa = PBXBuildFile; fileRef = 2FA9EF11115C56850050315B /* Connection.m */; };
		2FA9EF7E115C56850050315B /* ConnectionDelegate.m in Sources */ = {isa = PBXBuildFile; fileRef = 2FA9EF13115C56850050315B /* ConnectionDelegate.m */; };
		2FA9EF7F115C56850050315B /* NSHTTPURLResponse+Error.m in Sources */ = {isa = PBXBuildFile; fileRef = 2FA9EF15115C56850050315B /* NSHTTPURLResponse+Error.m */; };
		2FA9EF80115C56850050315B /* NSMutableURLRequest+ResponseType.m in Sources */ = {isa = PBXBuildFile; fileRef = 2FA9EF17115C56850050315B /* NSMutableURLRequest+ResponseType.m */; };
		2FA9EF81115C56850050315B /* NSObject+ObjectiveResource.m in Sources */ = {isa = PBXBuildFile; fileRef = 2FA9EF19115C56850050315B /* NSObject+ObjectiveResource.m */; };
		2FA9EF82115C56850050315B /* NSString+InflectionSupport.m in Sources */ = {isa = PBXBuildFile; fileRef = 2FA9EF1F115C56850050315B /* NSString+InflectionSupport.m */; };
		2FA9EF83115C56850050315B /* NSData+Additions.m in Sources */ = {isa = PBXBuildFile; fileRef = 2FA9EF21115C56850050315B /* NSData+Additions.m */; };
		2FA9EF84115C56850050315B /* NSObject+PropertySupport.m in Sources */ = {isa = PBXBuildFile; fileRef = 2FA9EF23115C56850050315B /* NSObject+PropertySupport.m */; };
		2FA9EF85115C56850050315B /* NSString+GSub.m in Sources */ = {isa = PBXBuildFile; fileRef = 2FA9EF25115C56850050315B /* NSString+GSub.m */; };
		2FA9EF86115C56850050315B /* ObjectiveResourceDateFormatter.m in Sources */ = {isa = PBXBuildFile; fileRef = 2FA9EF27115C56850050315B /* ObjectiveResourceDateFormatter.m */; };
		2FA9EF87115C56850050315B /* NSObject+SBJSON.m in Sources */ = {isa = PBXBuildFile; fileRef = 2FA9EF2C115C56850050315B /* NSObject+SBJSON.m */; };
		2FA9EF88115C56850050315B /* NSString+SBJSON.m in Sources */ = {isa = PBXBuildFile; fileRef = 2FA9EF2E115C56850050315B /* NSString+SBJSON.m */; };
		2FA9EF89115C56850050315B /* SBJSON.m in Sources */ = {isa = PBXBuildFile; fileRef = 2FA9EF30115C56850050315B /* SBJSON.m */; };
		2FA9EF8A115C56850050315B /* NSArray+JSONSerializableSupport.m in Sources */ = {isa = PBXBuildFile; fileRef = 2FA9EF36115C56850050315B /* NSArray+JSONSerializableSupport.m */; };
		2FA9EF8B115C56850050315B /* NSDictionary+JSONSerializableSupport.m in Sources */ = {isa = PBXBuildFile; fileRef = 2FA9EF38115C56850050315B /* NSDictionary+JSONSerializableSupport.m */; };
		2FA9EF8C115C56850050315B /* NSObject+JSONSerializableSupport.m in Sources */ = {isa = PBXBuildFile; fileRef = 2FA9EF3A115C56850050315B /* NSObject+JSONSerializableSupport.m */; };
		2FA9EF8D115C56850050315B /* NSDate+Serialize.m in Sources */ = {isa = PBXBuildFile; fileRef = 2FA9EF3C115C56850050315B /* NSDate+Serialize.m */; };
		2FA9EF8E115C56850050315B /* NSDictionary+KeyTranslation.m in Sources */ = {isa = PBXBuildFile; fileRef = 2FA9EF3E115C56850050315B /* NSDictionary+KeyTranslation.m */; };
		2FA9EF8F115C56850050315B /* NSObject+Serialize.m in Sources */ = {isa = PBXBuildFile; fileRef = 2FA9EF40115C56850050315B /* NSObject+Serialize.m */; };
		2FA9EF90115C56850050315B /* NSString+Serialize.m in Sources */ = {isa = PBXBuildFile; fileRef = 2FA9EF42115C56850050315B /* NSString+Serialize.m */; };
		2FA9EF91115C56850050315B /* FromXMLElementDelegate.m in Sources */ = {isa = PBXBuildFile; fileRef = 2FA9EF46115C56850050315B /* FromXMLElementDelegate.m */; };
		2FA9EF92115C56850050315B /* NSArray+XMLSerializableSupport.m in Sources */ = {isa = PBXBuildFile; fileRef = 2FA9EF48115C56850050315B /* NSArray+XMLSerializableSupport.m */; };
		2FA9EF93115C56850050315B /* NSDate+XMLSerializableSupport.m in Sources */ = {isa = PBXBuildFile; fileRef = 2FA9EF4A115C56850050315B /* NSDate+XMLSerializableSupport.m */; };
		2FA9EF94115C56850050315B /* NSDictionary+XMLSerializableSupport.m in Sources */ = {isa = PBXBuildFile; fileRef = 2FA9EF4C115C56850050315B /* NSDictionary+XMLSerializableSupport.m */; };
		2FA9EF95115C56850050315B /* NSNull+XMLSerializableSupport.m in Sources */ = {isa = PBXBuildFile; fileRef = 2FA9EF4E115C56850050315B /* NSNull+XMLSerializableSupport.m */; };
		2FA9EF96115C56850050315B /* NSNumber+XMLSerializableSupport.m in Sources */ = {isa = PBXBuildFile; fileRef = 2FA9EF50115C56850050315B /* NSNumber+XMLSerializableSupport.m */; };
		2FA9EF97115C56850050315B /* NSObject+XMLSerializableSupport.m in Sources */ = {isa = PBXBuildFile; fileRef = 2FA9EF52115C56850050315B /* NSObject+XMLSerializableSupport.m */; };
		2FA9EF98115C56850050315B /* NSString+XMLSerializableSupport.m in Sources */ = {isa = PBXBuildFile; fileRef = 2FA9EF54115C56850050315B /* NSString+XMLSerializableSupport.m */; };
		2FA9EF99115C56850050315B /* ObjectiveResourceConfig.m in Sources */ = {isa = PBXBuildFile; fileRef = 2FA9EF59115C56850050315B /* ObjectiveResourceConfig.m */; };
		2FA9EF9A115C56850050315B /* Response.m in Sources */ = {isa = PBXBuildFile; fileRef = 2FA9EF5B115C56850050315B /* Response.m */; };
		2FA9EF9B115C56850050315B /* NSData-SQLitePersistence.m in Sources */ = {isa = PBXBuildFile; fileRef = 2FA9EF5E115C56850050315B /* NSData-SQLitePersistence.m */; };
		2FA9EF9C115C56850050315B /* NSDate-SQLitePersistence.m in Sources */ = {isa = PBXBuildFile; fileRef = 2FA9EF60115C56850050315B /* NSDate-SQLitePersistence.m */; };
		2FA9EF9D115C56850050315B /* NSMutableArray-MultipleSort.m in Sources */ = {isa = PBXBuildFile; fileRef = 2FA9EF62115C56850050315B /* NSMutableArray-MultipleSort.m */; };
		2FA9EF9E115C56850050315B /* NSMutableData-SQLitePersistence.m in Sources */ = {isa = PBXBuildFile; fileRef = 2FA9EF64115C56850050315B /* NSMutableData-SQLitePersistence.m */; };
		2FA9EF9F115C56850050315B /* NSNumber-SQLitePersistence.m in Sources */ = {isa = PBXBuildFile; fileRef = 2FA9EF66115C56850050315B /* NSNumber-SQLitePersistence.m */; };
		2FA9EFA0115C56850050315B /* NSObject-ClassName.m in Sources */ = {isa = PBXBuildFile; fileRef = 2FA9EF68115C56850050315B /* NSObject-ClassName.m */; };
		2FA9EFA1115C56850050315B /* NSObject-MissingKV.m in Sources */ = {isa = PBXBuildFile; fileRef = 2FA9EF6A115C56850050315B /* NSObject-MissingKV.m */; };
		2FA9EFA2115C56850050315B /* NSObject-SQLitePersistence.m in Sources */ = {isa = PBXBuildFile; fileRef = 2FA9EF6C115C56850050315B /* NSObject-SQLitePersistence.m */; };
		2FA9EFA3115C56850050315B /* NSString-NumberStuff.m in Sources */ = {isa = PBXBuildFile; fileRef = 2FA9EF6E115C56850050315B /* NSString-NumberStuff.m */; };
		2FA9EFA4115C56850050315B /* NSString-SQLiteColumnName.m in Sources */ = {isa = PBXBuildFile; fileRef = 2FA9EF70115C56850050315B /* NSString-SQLiteColumnName.m */; };
		2FA9EFA5115C56850050315B /* NSString-SQLitePersistence.m in Sources */ = {isa = PBXBuildFile; fileRef = 2FA9EF72115C56850050315B /* NSString-SQLitePersistence.m */; };
		2FA9EFA6115C56850050315B /* NSString-UppercaseFirst.m in Sources */ = {isa = PBXBuildFile; fileRef = 2FA9EF74115C56850050315B /* NSString-UppercaseFirst.m */; };
		2FA9EFA7115C56850050315B /* SQLiteInstanceManager.m in Sources */ = {isa = PBXBuildFile; fileRef = 2FA9EF76115C56850050315B /* SQLiteInstanceManager.m */; };
		2FA9EFA8115C56850050315B /* SQLitePersistentObject.m in Sources */ = {isa = PBXBuildFile; fileRef = 2FA9EF78115C56850050315B /* SQLitePersistentObject.m */; };
		2FA9EFA9115C56850050315B /* UIColor-SQLitePersistentObject.m in Sources */ = {isa = PBXBuildFile; fileRef = 2FA9EF7A115C56850050315B /* UIColor-SQLitePersistentObject.m */; };
		2FA9EFAA115C56850050315B /* UIImage-SQLitePersistence.m in Sources */ = {isa = PBXBuildFile; fileRef = 2FA9EF7C115C56850050315B /* UIImage-SQLitePersistence.m */; };
/* End PBXBuildFile section */

/* Begin PBXFileReference section */
		1D30AB110D05D00D00671497 /* Foundation.framework */ = {isa = PBXFileReference; lastKnownFileType = wrapper.framework; name = Foundation.framework; path = System/Library/Frameworks/Foundation.framework; sourceTree = SDKROOT; };
		1D3623240D0F684500981E51 /* iphoneAppDelegate.h */ = {isa = PBXFileReference; fileEncoding = 4; lastKnownFileType = sourcecode.c.h; path = iphoneAppDelegate.h; sourceTree = "<group>"; };
		1D3623250D0F684500981E51 /* iphoneAppDelegate.m */ = {isa = PBXFileReference; fileEncoding = 4; lastKnownFileType = sourcecode.c.objc; path = iphoneAppDelegate.m; sourceTree = "<group>"; };
		1D6058910D05DD3D006BFB54 /* iphone.app */ = {isa = PBXFileReference; explicitFileType = wrapper.application; includeInIndex = 0; path = iphone.app; sourceTree = BUILT_PRODUCTS_DIR; };
		1DF5F4DF0D08C38300B7A737 /* UIKit.framework */ = {isa = PBXFileReference; lastKnownFileType = wrapper.framework; name = UIKit.framework; path = System/Library/Frameworks/UIKit.framework; sourceTree = SDKROOT; };
		288765FC0DF74451002DB57D /* CoreGraphics.framework */ = {isa = PBXFileReference; lastKnownFileType = wrapper.framework; name = CoreGraphics.framework; path = System/Library/Frameworks/CoreGraphics.framework; sourceTree = SDKROOT; };
		29B97316FDCFA39411CA2CEA /* main.m */ = {isa = PBXFileReference; fileEncoding = 4; lastKnownFileType = sourcecode.c.objc; path = main.m; sourceTree = "<group>"; };
		2F3C411111536954004C57B2 /* CustomerViewController.h */ = {isa = PBXFileReference; fileEncoding = 4; lastKnownFileType = sourcecode.c.h; path = CustomerViewController.h; sourceTree = "<group>"; };
		2F3C411211536954004C57B2 /* CustomerViewController.m */ = {isa = PBXFileReference; fileEncoding = 4; lastKnownFileType = sourcecode.c.objc; path = CustomerViewController.m; sourceTree = "<group>"; };
		2F3C413911536D1A004C57B2 /* CustomerAddController.h */ = {isa = PBXFileReference; fileEncoding = 4; lastKnownFileType = sourcecode.c.h; path = CustomerAddController.h; sourceTree = "<group>"; };
		2F3C413A11536D1A004C57B2 /* CustomerAddController.m */ = {isa = PBXFileReference; fileEncoding = 4; lastKnownFileType = sourcecode.c.objc; path = CustomerAddController.m; sourceTree = "<group>"; };
		2F70F3461157173900595BBF /* libsqlite3.0.dylib */ = {isa = PBXFileReference; lastKnownFileType = "compiled.mach-o.dylib"; name = libsqlite3.0.dylib; path = usr/lib/libsqlite3.0.dylib; sourceTree = SDKROOT; };
		2F70F355115717EB00595BBF /* Customer.h */ = {isa = PBXFileReference; fileEncoding = 4; lastKnownFileType = sourcecode.c.h; name = Customer.h; path = Models/Customer.h; sourceTree = "<group>"; };
		2F70F356115717EB00595BBF /* Customer.m */ = {isa = PBXFileReference; fileEncoding = 4; lastKnownFileType = sourcecode.c.objc; name = Customer.m; path = Models/Customer.m; sourceTree = "<group>"; };
		2F7CD1861154687700F82448 /* iphone-Info.plist */ = {isa = PBXFileReference; fileEncoding = 4; lastKnownFileType = text.plist.xml; path = "iphone-Info.plist"; sourceTree = "<group>"; };
		2FA9EF10115C56850050315B /* Connection.h */ = {isa = PBXFileReference; fileEncoding = 4; lastKnownFileType = sourcecode.c.h; path = Connection.h; sourceTree = "<group>"; };
		2FA9EF11115C56850050315B /* Connection.m */ = {isa = PBXFileReference; fileEncoding = 4; lastKnownFileType = sourcecode.c.objc; path = Connection.m; sourceTree = "<group>"; };
		2FA9EF12115C56850050315B /* ConnectionDelegate.h */ = {isa = PBXFileReference; fileEncoding = 4; lastKnownFileType = sourcecode.c.h; path = ConnectionDelegate.h; sourceTree = "<group>"; };
		2FA9EF13115C56850050315B /* ConnectionDelegate.m */ = {isa = PBXFileReference; fileEncoding = 4; lastKnownFileType = sourcecode.c.objc; path = ConnectionDelegate.m; sourceTree = "<group>"; };
		2FA9EF14115C56850050315B /* NSHTTPURLResponse+Error.h */ = {isa = PBXFileReference; fileEncoding = 4; lastKnownFileType = sourcecode.c.h; path = "NSHTTPURLResponse+Error.h"; sourceTree = "<group>"; };
		2FA9EF15115C56850050315B /* NSHTTPURLResponse+Error.m */ = {isa = PBXFileReference; fileEncoding = 4; lastKnownFileType = sourcecode.c.objc; path = "NSHTTPURLResponse+Error.m"; sourceTree = "<group>"; };
		2FA9EF16115C56850050315B /* NSMutableURLRequest+ResponseType.h */ = {isa = PBXFileReference; fileEncoding = 4; lastKnownFileType = sourcecode.c.h; path = "NSMutableURLRequest+ResponseType.h"; sourceTree = "<group>"; };
		2FA9EF17115C56850050315B /* NSMutableURLRequest+ResponseType.m */ = {isa = PBXFileReference; fileEncoding = 4; lastKnownFileType = sourcecode.c.objc; path = "NSMutableURLRequest+ResponseType.m"; sourceTree = "<group>"; };
		2FA9EF18115C56850050315B /* NSObject+ObjectiveResource.h */ = {isa = PBXFileReference; fileEncoding = 4; lastKnownFileType = sourcecode.c.h; path = "NSObject+ObjectiveResource.h"; sourceTree = "<group>"; };
		2FA9EF19115C56850050315B /* NSObject+ObjectiveResource.m */ = {isa = PBXFileReference; fileEncoding = 4; lastKnownFileType = sourcecode.c.objc; path = "NSObject+ObjectiveResource.m"; sourceTree = "<group>"; };
		2FA9EF1C115C56850050315B /* CoreSupport.h */ = {isa = PBXFileReference; fileEncoding = 4; lastKnownFileType = sourcecode.c.h; path = CoreSupport.h; sourceTree = "<group>"; };
		2FA9EF1E115C56850050315B /* NSString+InflectionSupport.h */ = {isa = PBXFileReference; fileEncoding = 4; lastKnownFileType = sourcecode.c.h; path = "NSString+InflectionSupport.h"; sourceTree = "<group>"; };
		2FA9EF1F115C56850050315B /* NSString+InflectionSupport.m */ = {isa = PBXFileReference; fileEncoding = 4; lastKnownFileType = sourcecode.c.objc; path = "NSString+InflectionSupport.m"; sourceTree = "<group>"; };
		2FA9EF20115C56850050315B /* NSData+Additions.h */ = {isa = PBXFileReference; fileEncoding = 4; lastKnownFileType = sourcecode.c.h; path = "NSData+Additions.h"; sourceTree = "<group>"; };
		2FA9EF21115C56850050315B /* NSData+Additions.m */ = {isa = PBXFileReference; fileEncoding = 4; lastKnownFileType = sourcecode.c.objc; path = "NSData+Additions.m"; sourceTree = "<group>"; };
		2FA9EF22115C56850050315B /* NSObject+PropertySupport.h */ = {isa = PBXFileReference; fileEncoding = 4; lastKnownFileType = sourcecode.c.h; path = "NSObject+PropertySupport.h"; sourceTree = "<group>"; };
		2FA9EF23115C56850050315B /* NSObject+PropertySupport.m */ = {isa = PBXFileReference; fileEncoding = 4; lastKnownFileType = sourcecode.c.objc; path = "NSObject+PropertySupport.m"; sourceTree = "<group>"; };
		2FA9EF24115C56850050315B /* NSString+GSub.h */ = {isa = PBXFileReference; fileEncoding = 4; lastKnownFileType = sourcecode.c.h; path = "NSString+GSub.h"; sourceTree = "<group>"; };
		2FA9EF25115C56850050315B /* NSString+GSub.m */ = {isa = PBXFileReference; fileEncoding = 4; lastKnownFileType = sourcecode.c.objc; path = "NSString+GSub.m"; sourceTree = "<group>"; };
		2FA9EF26115C56850050315B /* ObjectiveResourceDateFormatter.h */ = {isa = PBXFileReference; fileEncoding = 4; lastKnownFileType = sourcecode.c.h; path = ObjectiveResourceDateFormatter.h; sourceTree = "<group>"; };
		2FA9EF27115C56850050315B /* ObjectiveResourceDateFormatter.m */ = {isa = PBXFileReference; fileEncoding = 4; lastKnownFileType = sourcecode.c.objc; path = ObjectiveResourceDateFormatter.m; sourceTree = "<group>"; };
		2FA9EF28115C56850050315B /* ObjectiveSupport.h */ = {isa = PBXFileReference; fileEncoding = 4; lastKnownFileType = sourcecode.c.h; path = ObjectiveSupport.h; sourceTree = "<group>"; };
		2FA9EF2A115C56850050315B /* JSONFramework.h */ = {isa = PBXFileReference; fileEncoding = 4; lastKnownFileType = sourcecode.c.h; path = JSONFramework.h; sourceTree = "<group>"; };
		2FA9EF2B115C56850050315B /* NSObject+SBJSON.h */ = {isa = PBXFileReference; fileEncoding = 4; lastKnownFileType = sourcecode.c.h; path = "NSObject+SBJSON.h"; sourceTree = "<group>"; };
		2FA9EF2C115C56850050315B /* NSObject+SBJSON.m */ = {isa = PBXFileReference; fileEncoding = 4; lastKnownFileType = sourcecode.c.objc; path = "NSObject+SBJSON.m"; sourceTree = "<group>"; };
		2FA9EF2D115C56850050315B /* NSString+SBJSON.h */ = {isa = PBXFileReference; fileEncoding = 4; lastKnownFileType = sourcecode.c.h; path = "NSString+SBJSON.h"; sourceTree = "<group>"; };
		2FA9EF2E115C56850050315B /* NSString+SBJSON.m */ = {isa = PBXFileReference; fileEncoding = 4; lastKnownFileType = sourcecode.c.objc; path = "NSString+SBJSON.m"; sourceTree = "<group>"; };
		2FA9EF2F115C56850050315B /* SBJSON.h */ = {isa = PBXFileReference; fileEncoding = 4; lastKnownFileType = sourcecode.c.h; path = SBJSON.h; sourceTree = "<group>"; };
		2FA9EF30115C56850050315B /* SBJSON.m */ = {isa = PBXFileReference; fileEncoding = 4; lastKnownFileType = sourcecode.c.objc; path = SBJSON.m; sourceTree = "<group>"; };
		2FA9EF33115C56850050315B /* JSONSerializable.h */ = {isa = PBXFileReference; fileEncoding = 4; lastKnownFileType = sourcecode.c.h; path = JSONSerializable.h; sourceTree = "<group>"; };
		2FA9EF34115C56850050315B /* JSONSerializableSupport.h */ = {isa = PBXFileReference; fileEncoding = 4; lastKnownFileType = sourcecode.c.h; path = JSONSerializableSupport.h; sourceTree = "<group>"; };
		2FA9EF35115C56850050315B /* NSArray+JSONSerializableSupport.h */ = {isa = PBXFileReference; fileEncoding = 4; lastKnownFileType = sourcecode.c.h; path = "NSArray+JSONSerializableSupport.h"; sourceTree = "<group>"; };
		2FA9EF36115C56850050315B /* NSArray+JSONSerializableSupport.m */ = {isa = PBXFileReference; fileEncoding = 4; lastKnownFileType = sourcecode.c.objc; path = "NSArray+JSONSerializableSupport.m"; sourceTree = "<group>"; };
		2FA9EF37115C56850050315B /* NSDictionary+JSONSerializableSupport.h */ = {isa = PBXFileReference; fileEncoding = 4; lastKnownFileType = sourcecode.c.h; path = "NSDictionary+JSONSerializableSupport.h"; sourceTree = "<group>"; };
		2FA9EF38115C56850050315B /* NSDictionary+JSONSerializableSupport.m */ = {isa = PBXFileReference; fileEncoding = 4; lastKnownFileType = sourcecode.c.objc; path = "NSDictionary+JSONSerializableSupport.m"; sourceTree = "<group>"; };
		2FA9EF39115C56850050315B /* NSObject+JSONSerializableSupport.h */ = {isa = PBXFileReference; fileEncoding = 4; lastKnownFileType = sourcecode.c.h; path = "NSObject+JSONSerializableSupport.h"; sourceTree = "<group>"; };
		2FA9EF3A115C56850050315B /* NSObject+JSONSerializableSupport.m */ = {isa = PBXFileReference; fileEncoding = 4; lastKnownFileType = sourcecode.c.objc; path = "NSObject+JSONSerializableSupport.m"; sourceTree = "<group>"; };
		2FA9EF3B115C56850050315B /* NSDate+Serialize.h */ = {isa = PBXFileReference; fileEncoding = 4; lastKnownFileType = sourcecode.c.h; path = "NSDate+Serialize.h"; sourceTree = "<group>"; };
		2FA9EF3C115C56850050315B /* NSDate+Serialize.m */ = {isa = PBXFileReference; fileEncoding = 4; lastKnownFileType = sourcecode.c.objc; path = "NSDate+Serialize.m"; sourceTree = "<group>"; };
		2FA9EF3D115C56850050315B /* NSDictionary+KeyTranslation.h */ = {isa = PBXFileReference; fileEncoding = 4; lastKnownFileType = sourcecode.c.h; path = "NSDictionary+KeyTranslation.h"; sourceTree = "<group>"; };
		2FA9EF3E115C56850050315B /* NSDictionary+KeyTranslation.m */ = {isa = PBXFileReference; fileEncoding = 4; lastKnownFileType = sourcecode.c.objc; path = "NSDictionary+KeyTranslation.m"; sourceTree = "<group>"; };
		2FA9EF3F115C56850050315B /* NSObject+Serialize.h */ = {isa = PBXFileReference; fileEncoding = 4; lastKnownFileType = sourcecode.c.h; path = "NSObject+Serialize.h"; sourceTree = "<group>"; };
		2FA9EF40115C56850050315B /* NSObject+Serialize.m */ = {isa = PBXFileReference; fileEncoding = 4; lastKnownFileType = sourcecode.c.objc; path = "NSObject+Serialize.m"; sourceTree = "<group>"; };
		2FA9EF41115C56850050315B /* NSString+Serialize.h */ = {isa = PBXFileReference; fileEncoding = 4; lastKnownFileType = sourcecode.c.h; path = "NSString+Serialize.h"; sourceTree = "<group>"; };
		2FA9EF42115C56850050315B /* NSString+Serialize.m */ = {isa = PBXFileReference; fileEncoding = 4; lastKnownFileType = sourcecode.c.objc; path = "NSString+Serialize.m"; sourceTree = "<group>"; };
		2FA9EF43115C56850050315B /* Serialize.h */ = {isa = PBXFileReference; fileEncoding = 4; lastKnownFileType = sourcecode.c.h; path = Serialize.h; sourceTree = "<group>"; };
		2FA9EF45115C56850050315B /* FromXMLElementDelegate.h */ = {isa = PBXFileReference; fileEncoding = 4; lastKnownFileType = sourcecode.c.h; path = FromXMLElementDelegate.h; sourceTree = "<group>"; };
		2FA9EF46115C56850050315B /* FromXMLElementDelegate.m */ = {isa = PBXFileReference; fileEncoding = 4; lastKnownFileType = sourcecode.c.objc; path = FromXMLElementDelegate.m; sourceTree = "<group>"; };
		2FA9EF47115C56850050315B /* NSArray+XMLSerializableSupport.h */ = {isa = PBXFileReference; fileEncoding = 4; lastKnownFileType = sourcecode.c.h; path = "NSArray+XMLSerializableSupport.h"; sourceTree = "<group>"; };
		2FA9EF48115C56850050315B /* NSArray+XMLSerializableSupport.m */ = {isa = PBXFileReference; fileEncoding = 4; lastKnownFileType = sourcecode.c.objc; path = "NSArray+XMLSerializableSupport.m"; sourceTree = "<group>"; };
		2FA9EF49115C56850050315B /* NSDate+XMLSerializableSupport.h */ = {isa = PBXFileReference; fileEncoding = 4; lastKnownFileType = sourcecode.c.h; path = "NSDate+XMLSerializableSupport.h"; sourceTree = "<group>"; };
		2FA9EF4A115C56850050315B /* NSDate+XMLSerializableSupport.m */ = {isa = PBXFileReference; fileEncoding = 4; lastKnownFileType = sourcecode.c.objc; path = "NSDate+XMLSerializableSupport.m"; sourceTree = "<group>"; };
		2FA9EF4B115C56850050315B /* NSDictionary+XMLSerializableSupport.h */ = {isa = PBXFileReference; fileEncoding = 4; lastKnownFileType = sourcecode.c.h; path = "NSDictionary+XMLSerializableSupport.h"; sourceTree = "<group>"; };
		2FA9EF4C115C56850050315B /* NSDictionary+XMLSerializableSupport.m */ = {isa = PBXFileReference; fileEncoding = 4; lastKnownFileType = sourcecode.c.objc; path = "NSDictionary+XMLSerializableSupport.m"; sourceTree = "<group>"; };
		2FA9EF4D115C56850050315B /* NSNull+XMLSerializableSupport.h */ = {isa = PBXFileReference; fileEncoding = 4; lastKnownFileType = sourcecode.c.h; path = "NSNull+XMLSerializableSupport.h"; sourceTree = "<group>"; };
		2FA9EF4E115C56850050315B /* NSNull+XMLSerializableSupport.m */ = {isa = PBXFileReference; fileEncoding = 4; lastKnownFileType = sourcecode.c.objc; path = "NSNull+XMLSerializableSupport.m"; sourceTree = "<group>"; };
		2FA9EF4F115C56850050315B /* NSNumber+XMLSerializableSupport.h */ = {isa = PBXFileReference; fileEncoding = 4; lastKnownFileType = sourcecode.c.h; path = "NSNumber+XMLSerializableSupport.h"; sourceTree = "<group>"; };
		2FA9EF50115C56850050315B /* NSNumber+XMLSerializableSupport.m */ = {isa = PBXFileReference; fileEncoding = 4; lastKnownFileType = sourcecode.c.objc; path = "NSNumber+XMLSerializableSupport.m"; sourceTree = "<group>"; };
		2FA9EF51115C56850050315B /* NSObject+XMLSerializableSupport.h */ = {isa = PBXFileReference; fileEncoding = 4; lastKnownFileType = sourcecode.c.h; path = "NSObject+XMLSerializableSupport.h"; sourceTree = "<group>"; };
		2FA9EF52115C56850050315B /* NSObject+XMLSerializableSupport.m */ = {isa = PBXFileReference; fileEncoding = 4; lastKnownFileType = sourcecode.c.objc; path = "NSObject+XMLSerializableSupport.m"; sourceTree = "<group>"; };
		2FA9EF53115C56850050315B /* NSString+XMLSerializableSupport.h */ = {isa = PBXFileReference; fileEncoding = 4; lastKnownFileType = sourcecode.c.h; path = "NSString+XMLSerializableSupport.h"; sourceTree = "<group>"; };
		2FA9EF54115C56850050315B /* NSString+XMLSerializableSupport.m */ = {isa = PBXFileReference; fileEncoding = 4; lastKnownFileType = sourcecode.c.objc; path = "NSString+XMLSerializableSupport.m"; sourceTree = "<group>"; };
		2FA9EF55115C56850050315B /* XMLSerializable.h */ = {isa = PBXFileReference; fileEncoding = 4; lastKnownFileType = sourcecode.c.h; path = XMLSerializable.h; sourceTree = "<group>"; };
		2FA9EF56115C56850050315B /* XMLSerializableSupport.h */ = {isa = PBXFileReference; fileEncoding = 4; lastKnownFileType = sourcecode.c.h; path = XMLSerializableSupport.h; sourceTree = "<group>"; };
		2FA9EF57115C56850050315B /* ObjectiveResource.h */ = {isa = PBXFileReference; fileEncoding = 4; lastKnownFileType = sourcecode.c.h; path = ObjectiveResource.h; sourceTree = "<group>"; };
		2FA9EF58115C56850050315B /* ObjectiveResourceConfig.h */ = {isa = PBXFileReference; fileEncoding = 4; lastKnownFileType = sourcecode.c.h; path = ObjectiveResourceConfig.h; sourceTree = "<group>"; };
		2FA9EF59115C56850050315B /* ObjectiveResourceConfig.m */ = {isa = PBXFileReference; fileEncoding = 4; lastKnownFileType = sourcecode.c.objc; path = ObjectiveResourceConfig.m; sourceTree = "<group>"; };
		2FA9EF5A115C56850050315B /* Response.h */ = {isa = PBXFileReference; fileEncoding = 4; lastKnownFileType = sourcecode.c.h; path = Response.h; sourceTree = "<group>"; };
		2FA9EF5B115C56850050315B /* Response.m */ = {isa = PBXFileReference; fileEncoding = 4; lastKnownFileType = sourcecode.c.objc; path = Response.m; sourceTree = "<group>"; };
		2FA9EF5D115C56850050315B /* NSData-SQLitePersistence.h */ = {isa = PBXFileReference; fileEncoding = 4; lastKnownFileType = sourcecode.c.h; path = "NSData-SQLitePersistence.h"; sourceTree = "<group>"; };
		2FA9EF5E115C56850050315B /* NSData-SQLitePersistence.m */ = {isa = PBXFileReference; fileEncoding = 4; lastKnownFileType = sourcecode.c.objc; path = "NSData-SQLitePersistence.m"; sourceTree = "<group>"; };
		2FA9EF5F115C56850050315B /* NSDate-SQLitePersistence.h */ = {isa = PBXFileReference; fileEncoding = 4; lastKnownFileType = sourcecode.c.h; path = "NSDate-SQLitePersistence.h"; sourceTree = "<group>"; };
		2FA9EF60115C56850050315B /* NSDate-SQLitePersistence.m */ = {isa = PBXFileReference; fileEncoding = 4; lastKnownFileType = sourcecode.c.objc; path = "NSDate-SQLitePersistence.m"; sourceTree = "<group>"; };
		2FA9EF61115C56850050315B /* NSMutableArray-MultipleSort.h */ = {isa = PBXFileReference; fileEncoding = 4; lastKnownFileType = sourcecode.c.h; path = "NSMutableArray-MultipleSort.h"; sourceTree = "<group>"; };
		2FA9EF62115C56850050315B /* NSMutableArray-MultipleSort.m */ = {isa = PBXFileReference; fileEncoding = 4; lastKnownFileType = sourcecode.c.objc; path = "NSMutableArray-MultipleSort.m"; sourceTree = "<group>"; };
		2FA9EF63115C56850050315B /* NSMutableData-SQLitePersistence.h */ = {isa = PBXFileReference; fileEncoding = 4; lastKnownFileType = sourcecode.c.h; path = "NSMutableData-SQLitePersistence.h"; sourceTree = "<group>"; };
		2FA9EF64115C56850050315B /* NSMutableData-SQLitePersistence.m */ = {isa = PBXFileReference; fileEncoding = 4; lastKnownFileType = sourcecode.c.objc; path = "NSMutableData-SQLitePersistence.m"; sourceTree = "<group>"; };
		2FA9EF65115C56850050315B /* NSNumber-SQLitePersistence.h */ = {isa = PBXFileReference; fileEncoding = 4; lastKnownFileType = sourcecode.c.h; path = "NSNumber-SQLitePersistence.h"; sourceTree = "<group>"; };
		2FA9EF66115C56850050315B /* NSNumber-SQLitePersistence.m */ = {isa = PBXFileReference; fileEncoding = 4; lastKnownFileType = sourcecode.c.objc; path = "NSNumber-SQLitePersistence.m"; sourceTree = "<group>"; };
		2FA9EF67115C56850050315B /* NSObject-ClassName.h */ = {isa = PBXFileReference; fileEncoding = 4; lastKnownFileType = sourcecode.c.h; path = "NSObject-ClassName.h"; sourceTree = "<group>"; };
		2FA9EF68115C56850050315B /* NSObject-ClassName.m */ = {isa = PBXFileReference; fileEncoding = 4; lastKnownFileType = sourcecode.c.objc; path = "NSObject-ClassName.m"; sourceTree = "<group>"; };
		2FA9EF69115C56850050315B /* NSObject-MissingKV.h */ = {isa = PBXFileReference; fileEncoding = 4; lastKnownFileType = sourcecode.c.h; path = "NSObject-MissingKV.h"; sourceTree = "<group>"; };
		2FA9EF6A115C56850050315B /* NSObject-MissingKV.m */ = {isa = PBXFileReference; fileEncoding = 4; lastKnownFileType = sourcecode.c.objc; path = "NSObject-MissingKV.m"; sourceTree = "<group>"; };
		2FA9EF6B115C56850050315B /* NSObject-SQLitePersistence.h */ = {isa = PBXFileReference; fileEncoding = 4; lastKnownFileType = sourcecode.c.h; path = "NSObject-SQLitePersistence.h"; sourceTree = "<group>"; };
		2FA9EF6C115C56850050315B /* NSObject-SQLitePersistence.m */ = {isa = PBXFileReference; fileEncoding = 4; lastKnownFileType = sourcecode.c.objc; path = "NSObject-SQLitePersistence.m"; sourceTree = "<group>"; };
		2FA9EF6D115C56850050315B /* NSString-NumberStuff.h */ = {isa = PBXFileReference; fileEncoding = 4; lastKnownFileType = sourcecode.c.h; path = "NSString-NumberStuff.h"; sourceTree = "<group>"; };
		2FA9EF6E115C56850050315B /* NSString-NumberStuff.m */ = {isa = PBXFileReference; fileEncoding = 4; lastKnownFileType = sourcecode.c.objc; path = "NSString-NumberStuff.m"; sourceTree = "<group>"; };
		2FA9EF6F115C56850050315B /* NSString-SQLiteColumnName.h */ = {isa = PBXFileReference; fileEncoding = 4; lastKnownFileType = sourcecode.c.h; path = "NSString-SQLiteColumnName.h"; sourceTree = "<group>"; };
		2FA9EF70115C56850050315B /* NSString-SQLiteColumnName.m */ = {isa = PBXFileReference; fileEncoding = 4; lastKnownFileType = sourcecode.c.objc; path = "NSString-SQLiteColumnName.m"; sourceTree = "<group>"; };
		2FA9EF71115C56850050315B /* NSString-SQLitePersistence.h */ = {isa = PBXFileReference; fileEncoding = 4; lastKnownFileType = sourcecode.c.h; path = "NSString-SQLitePersistence.h"; sourceTree = "<group>"; };
		2FA9EF72115C56850050315B /* NSString-SQLitePersistence.m */ = {isa = PBXFileReference; fileEncoding = 4; lastKnownFileType = sourcecode.c.objc; path = "NSString-SQLitePersistence.m"; sourceTree = "<group>"; };
		2FA9EF73115C56850050315B /* NSString-UppercaseFirst.h */ = {isa = PBXFileReference; fileEncoding = 4; lastKnownFileType = sourcecode.c.h; path = "NSString-UppercaseFirst.h"; sourceTree = "<group>"; };
		2FA9EF74115C56850050315B /* NSString-UppercaseFirst.m */ = {isa = PBXFileReference; fileEncoding = 4; lastKnownFileType = sourcecode.c.objc; path = "NSString-UppercaseFirst.m"; sourceTree = "<group>"; };
		2FA9EF75115C56850050315B /* SQLiteInstanceManager.h */ = {isa = PBXFileReference; fileEncoding = 4; lastKnownFileType = sourcecode.c.h; path = SQLiteInstanceManager.h; sourceTree = "<group>"; };
		2FA9EF76115C56850050315B /* SQLiteInstanceManager.m */ = {isa = PBXFileReference; fileEncoding = 4; lastKnownFileType = sourcecode.c.objc; path = SQLiteInstanceManager.m; sourceTree = "<group>"; };
		2FA9EF77115C56850050315B /* SQLitePersistentObject.h */ = {isa = PBXFileReference; fileEncoding = 4; lastKnownFileType = sourcecode.c.h; path = SQLitePersistentObject.h; sourceTree = "<group>"; };
		2FA9EF78115C56850050315B /* SQLitePersistentObject.m */ = {isa = PBXFileReference; fileEncoding = 4; lastKnownFileType = sourcecode.c.objc; path = SQLitePersistentObject.m; sourceTree = "<group>"; };
		2FA9EF79115C56850050315B /* UIColor-SQLitePersistentObject.h */ = {isa = PBXFileReference; fileEncoding = 4; lastKnownFileType = sourcecode.c.h; path = "UIColor-SQLitePersistentObject.h"; sourceTree = "<group>"; };
		2FA9EF7A115C56850050315B /* UIColor-SQLitePersistentObject.m */ = {isa = PBXFileReference; fileEncoding = 4; lastKnownFileType = sourcecode.c.objc; path = "UIColor-SQLitePersistentObject.m"; sourceTree = "<group>"; };
		2FA9EF7B115C56850050315B /* UIImage-SQLitePersistence.h */ = {isa = PBXFileReference; fileEncoding = 4; lastKnownFileType = sourcecode.c.h; path = "UIImage-SQLitePersistence.h"; sourceTree = "<group>"; };
		2FA9EF7C115C56850050315B /* UIImage-SQLitePersistence.m */ = {isa = PBXFileReference; fileEncoding = 4; lastKnownFileType = sourcecode.c.objc; path = "UIImage-SQLitePersistence.m"; sourceTree = "<group>"; };
		32CA4F630368D1EE00C91783 /* iphone_Prefix.pch */ = {isa = PBXFileReference; fileEncoding = 4; lastKnownFileType = sourcecode.c.h; path = iphone_Prefix.pch; sourceTree = "<group>"; };
/* End PBXFileReference section */

/* Begin PBXFrameworksBuildPhase section */
		1D60588F0D05DD3D006BFB54 /* Frameworks */ = {
			isa = PBXFrameworksBuildPhase;
			buildActionMask = 2147483647;
			files = (
				1D60589F0D05DD5A006BFB54 /* Foundation.framework in Frameworks */,
				1DF5F4E00D08C38300B7A737 /* UIKit.framework in Frameworks */,
				288765FD0DF74451002DB57D /* CoreGraphics.framework in Frameworks */,
				2F70F3471157173900595BBF /* libsqlite3.0.dylib in Frameworks */,
			);
			runOnlyForDeploymentPostprocessing = 0;
		};
/* End PBXFrameworksBuildPhase section */

/* Begin PBXGroup section */
		080E96DDFE201D6D7F000001 /* Classes */ = {
			isa = PBXGroup;
			children = (
				2FA9EF0F115C56850050315B /* ObjectiveResource */,
				2FA9EF5C115C56850050315B /* SQLPO */,
				2F70F354115717C300595BBF /* Models */,
				1D3623240D0F684500981E51 /* iphoneAppDelegate.h */,
				1D3623250D0F684500981E51 /* iphoneAppDelegate.m */,
				2F3C411111536954004C57B2 /* CustomerViewController.h */,
				2F3C411211536954004C57B2 /* CustomerViewController.m */,
				2F3C413911536D1A004C57B2 /* CustomerAddController.h */,
				2F3C413A11536D1A004C57B2 /* CustomerAddController.m */,
			);
			path = Classes;
			sourceTree = "<group>";
		};
		19C28FACFE9D520D11CA2CBB /* Products */ = {
			isa = PBXGroup;
			children = (
				1D6058910D05DD3D006BFB54 /* iphone.app */,
			);
			name = Products;
			sourceTree = "<group>";
		};
		29B97314FDCFA39411CA2CEA /* CustomTemplate */ = {
			isa = PBXGroup;
			children = (
				080E96DDFE201D6D7F000001 /* Classes */,
				29B97315FDCFA39411CA2CEA /* Other Sources */,
				29B97317FDCFA39411CA2CEA /* Resources */,
				29B97323FDCFA39411CA2CEA /* Frameworks */,
				19C28FACFE9D520D11CA2CBB /* Products */,
			);
			name = CustomTemplate;
			sourceTree = "<group>";
		};
		29B97315FDCFA39411CA2CEA /* Other Sources */ = {
			isa = PBXGroup;
			children = (
				32CA4F630368D1EE00C91783 /* iphone_Prefix.pch */,
				29B97316FDCFA39411CA2CEA /* main.m */,
			);
			name = "Other Sources";
			sourceTree = "<group>";
		};
		29B97317FDCFA39411CA2CEA /* Resources */ = {
			isa = PBXGroup;
			children = (
				2F7CD1861154687700F82448 /* iphone-Info.plist */,
			);
			name = Resources;
			sourceTree = "<group>";
		};
		29B97323FDCFA39411CA2CEA /* Frameworks */ = {
			isa = PBXGroup;
			children = (
				1DF5F4DF0D08C38300B7A737 /* UIKit.framework */,
				1D30AB110D05D00D00671497 /* Foundation.framework */,
				288765FC0DF74451002DB57D /* CoreGraphics.framework */,
				2F70F3461157173900595BBF /* libsqlite3.0.dylib */,
			);
			name = Frameworks;
			sourceTree = "<group>";
		};
		2F70F354115717C300595BBF /* Models */ = {
			isa = PBXGroup;
			children = (
				2F70F355115717EB00595BBF /* Customer.h */,
				2F70F356115717EB00595BBF /* Customer.m */,
			);
			name = Models;
			sourceTree = "<group>";
		};
		2FA9EF0F115C56850050315B /* ObjectiveResource */ = {
			isa = PBXGroup;
			children = (
				2FA9EF10115C56850050315B /* Connection.h */,
				2FA9EF11115C56850050315B /* Connection.m */,
				2FA9EF12115C56850050315B /* ConnectionDelegate.h */,
				2FA9EF13115C56850050315B /* ConnectionDelegate.m */,
				2FA9EF14115C56850050315B /* NSHTTPURLResponse+Error.h */,
				2FA9EF15115C56850050315B /* NSHTTPURLResponse+Error.m */,
				2FA9EF16115C56850050315B /* NSMutableURLRequest+ResponseType.h */,
				2FA9EF17115C56850050315B /* NSMutableURLRequest+ResponseType.m */,
				2FA9EF18115C56850050315B /* NSObject+ObjectiveResource.h */,
				2FA9EF19115C56850050315B /* NSObject+ObjectiveResource.m */,
				2FA9EF1A115C56850050315B /* objective_support */,
				2FA9EF57115C56850050315B /* ObjectiveResource.h */,
				2FA9EF58115C56850050315B /* ObjectiveResourceConfig.h */,
				2FA9EF59115C56850050315B /* ObjectiveResourceConfig.m */,
				2FA9EF5A115C56850050315B /* Response.h */,
				2FA9EF5B115C56850050315B /* Response.m */,
			);
			path = ObjectiveResource;
			sourceTree = "<group>";
		};
		2FA9EF1A115C56850050315B /* objective_support */ = {
			isa = PBXGroup;
			children = (
				2FA9EF1B115C56850050315B /* Core */,
				2FA9EF29115C56850050315B /* json-framework */,
				2FA9EF31115C56850050315B /* Serialization */,
			);
			path = objective_support;
			sourceTree = "<group>";
		};
		2FA9EF1B115C56850050315B /* Core */ = {
			isa = PBXGroup;
			children = (
				2FA9EF1C115C56850050315B /* CoreSupport.h */,
				2FA9EF1D115C56850050315B /* Inflections */,
				2FA9EF20115C56850050315B /* NSData+Additions.h */,
				2FA9EF21115C56850050315B /* NSData+Additions.m */,
				2FA9EF22115C56850050315B /* NSObject+PropertySupport.h */,
				2FA9EF23115C56850050315B /* NSObject+PropertySupport.m */,
				2FA9EF24115C56850050315B /* NSString+GSub.h */,
				2FA9EF25115C56850050315B /* NSString+GSub.m */,
				2FA9EF26115C56850050315B /* ObjectiveResourceDateFormatter.h */,
				2FA9EF27115C56850050315B /* ObjectiveResourceDateFormatter.m */,
				2FA9EF28115C56850050315B /* ObjectiveSupport.h */,
			);
			path = Core;
			sourceTree = "<group>";
		};
		2FA9EF1D115C56850050315B /* Inflections */ = {
			isa = PBXGroup;
			children = (
				2FA9EF1E115C56850050315B /* NSString+InflectionSupport.h */,
				2FA9EF1F115C56850050315B /* NSString+InflectionSupport.m */,
			);
			path = Inflections;
			sourceTree = "<group>";
		};
		2FA9EF29115C56850050315B /* json-framework */ = {
			isa = PBXGroup;
			children = (
				2FA9EF2A115C56850050315B /* JSONFramework.h */,
				2FA9EF2B115C56850050315B /* NSObject+SBJSON.h */,
				2FA9EF2C115C56850050315B /* NSObject+SBJSON.m */,
				2FA9EF2D115C56850050315B /* NSString+SBJSON.h */,
				2FA9EF2E115C56850050315B /* NSString+SBJSON.m */,
				2FA9EF2F115C56850050315B /* SBJSON.h */,
				2FA9EF30115C56850050315B /* SBJSON.m */,
			);
			path = "json-framework";
			sourceTree = "<group>";
		};
		2FA9EF31115C56850050315B /* Serialization */ = {
			isa = PBXGroup;
			children = (
				2FA9EF32115C56850050315B /* JSON */,
				2FA9EF3B115C56850050315B /* NSDate+Serialize.h */,
				2FA9EF3C115C56850050315B /* NSDate+Serialize.m */,
				2FA9EF3D115C56850050315B /* NSDictionary+KeyTranslation.h */,
				2FA9EF3E115C56850050315B /* NSDictionary+KeyTranslation.m */,
				2FA9EF3F115C56850050315B /* NSObject+Serialize.h */,
				2FA9EF40115C56850050315B /* NSObject+Serialize.m */,
				2FA9EF41115C56850050315B /* NSString+Serialize.h */,
				2FA9EF42115C56850050315B /* NSString+Serialize.m */,
				2FA9EF43115C56850050315B /* Serialize.h */,
				2FA9EF44115C56850050315B /* XML */,
			);
			path = Serialization;
			sourceTree = "<group>";
		};
		2FA9EF32115C56850050315B /* JSON */ = {
			isa = PBXGroup;
			children = (
				2FA9EF33115C56850050315B /* JSONSerializable.h */,
				2FA9EF34115C56850050315B /* JSONSerializableSupport.h */,
				2FA9EF35115C56850050315B /* NSArray+JSONSerializableSupport.h */,
				2FA9EF36115C56850050315B /* NSArray+JSONSerializableSupport.m */,
				2FA9EF37115C56850050315B /* NSDictionary+JSONSerializableSupport.h */,
				2FA9EF38115C56850050315B /* NSDictionary+JSONSerializableSupport.m */,
				2FA9EF39115C56850050315B /* NSObject+JSONSerializableSupport.h */,
				2FA9EF3A115C56850050315B /* NSObject+JSONSerializableSupport.m */,
			);
			path = JSON;
			sourceTree = "<group>";
		};
		2FA9EF44115C56850050315B /* XML */ = {
			isa = PBXGroup;
			children = (
				2FA9EF45115C56850050315B /* FromXMLElementDelegate.h */,
				2FA9EF46115C56850050315B /* FromXMLElementDelegate.m */,
				2FA9EF47115C56850050315B /* NSArray+XMLSerializableSupport.h */,
				2FA9EF48115C56850050315B /* NSArray+XMLSerializableSupport.m */,
				2FA9EF49115C56850050315B /* NSDate+XMLSerializableSupport.h */,
				2FA9EF4A115C56850050315B /* NSDate+XMLSerializableSupport.m */,
				2FA9EF4B115C56850050315B /* NSDictionary+XMLSerializableSupport.h */,
				2FA9EF4C115C56850050315B /* NSDictionary+XMLSerializableSupport.m */,
				2FA9EF4D115C56850050315B /* NSNull+XMLSerializableSupport.h */,
				2FA9EF4E115C56850050315B /* NSNull+XMLSerializableSupport.m */,
				2FA9EF4F115C56850050315B /* NSNumber+XMLSerializableSupport.h */,
				2FA9EF50115C56850050315B /* NSNumber+XMLSerializableSupport.m */,
				2FA9EF51115C56850050315B /* NSObject+XMLSerializableSupport.h */,
				2FA9EF52115C56850050315B /* NSObject+XMLSerializableSupport.m */,
				2FA9EF53115C56850050315B /* NSString+XMLSerializableSupport.h */,
				2FA9EF54115C56850050315B /* NSString+XMLSerializableSupport.m */,
				2FA9EF55115C56850050315B /* XMLSerializable.h */,
				2FA9EF56115C56850050315B /* XMLSerializableSupport.h */,
			);
			path = XML;
			sourceTree = "<group>";
		};
		2FA9EF5C115C56850050315B /* SQLPO */ = {
			isa = PBXGroup;
			children = (
				2FA9EF5D115C56850050315B /* NSData-SQLitePersistence.h */,
				2FA9EF5E115C56850050315B /* NSData-SQLitePersistence.m */,
				2FA9EF5F115C56850050315B /* NSDate-SQLitePersistence.h */,
				2FA9EF60115C56850050315B /* NSDate-SQLitePersistence.m */,
				2FA9EF61115C56850050315B /* NSMutableArray-MultipleSort.h */,
				2FA9EF62115C56850050315B /* NSMutableArray-MultipleSort.m */,
				2FA9EF63115C56850050315B /* NSMutableData-SQLitePersistence.h */,
				2FA9EF64115C56850050315B /* NSMutableData-SQLitePersistence.m */,
				2FA9EF65115C56850050315B /* NSNumber-SQLitePersistence.h */,
				2FA9EF66115C56850050315B /* NSNumber-SQLitePersistence.m */,
				2FA9EF67115C56850050315B /* NSObject-ClassName.h */,
				2FA9EF68115C56850050315B /* NSObject-ClassName.m */,
				2FA9EF69115C56850050315B /* NSObject-MissingKV.h */,
				2FA9EF6A115C56850050315B /* NSObject-MissingKV.m */,
				2FA9EF6B115C56850050315B /* NSObject-SQLitePersistence.h */,
				2FA9EF6C115C56850050315B /* NSObject-SQLitePersistence.m */,
				2FA9EF6D115C56850050315B /* NSString-NumberStuff.h */,
				2FA9EF6E115C56850050315B /* NSString-NumberStuff.m */,
				2FA9EF6F115C56850050315B /* NSString-SQLiteColumnName.h */,
				2FA9EF70115C56850050315B /* NSString-SQLiteColumnName.m */,
				2FA9EF71115C56850050315B /* NSString-SQLitePersistence.h */,
				2FA9EF72115C56850050315B /* NSString-SQLitePersistence.m */,
				2FA9EF73115C56850050315B /* NSString-UppercaseFirst.h */,
				2FA9EF74115C56850050315B /* NSString-UppercaseFirst.m */,
				2FA9EF75115C56850050315B /* SQLiteInstanceManager.h */,
				2FA9EF76115C56850050315B /* SQLiteInstanceManager.m */,
				2FA9EF77115C56850050315B /* SQLitePersistentObject.h */,
				2FA9EF78115C56850050315B /* SQLitePersistentObject.m */,
				2FA9EF79115C56850050315B /* UIColor-SQLitePersistentObject.h */,
				2FA9EF7A115C56850050315B /* UIColor-SQLitePersistentObject.m */,
				2FA9EF7B115C56850050315B /* UIImage-SQLitePersistence.h */,
				2FA9EF7C115C56850050315B /* UIImage-SQLitePersistence.m */,
			);
			path = SQLPO;
			sourceTree = "<group>";
		};
/* End PBXGroup section */

/* Begin PBXNativeTarget section */
		1D6058900D05DD3D006BFB54 /* iphone */ = {
			isa = PBXNativeTarget;
			buildConfigurationList = 1D6058960D05DD3E006BFB54 /* Build configuration list for PBXNativeTarget "iphone" */;
			buildPhases = (
				1D60588D0D05DD3D006BFB54 /* Resources */,
				1D60588E0D05DD3D006BFB54 /* Sources */,
				1D60588F0D05DD3D006BFB54 /* Frameworks */,
			);
			buildRules = (
			);
			dependencies = (
			);
			name = iphone;
			productName = iphone;
			productReference = 1D6058910D05DD3D006BFB54 /* iphone.app */;
			productType = "com.apple.product-type.application";
		};
/* End PBXNativeTarget section */

/* Begin PBXProject section */
		29B97313FDCFA39411CA2CEA /* Project object */ = {
			isa = PBXProject;
			buildConfigurationList = C01FCF4E08A954540054247B /* Build configuration list for PBXProject "iphone" */;
			compatibilityVersion = "Xcode 3.1";
			hasScannedForEncodings = 1;
			mainGroup = 29B97314FDCFA39411CA2CEA /* CustomTemplate */;
			projectDirPath = "";
			projectRoot = "";
			targets = (
				1D6058900D05DD3D006BFB54 /* iphone */,
			);
		};
/* End PBXProject section */

/* Begin PBXResourcesBuildPhase section */
		1D60588D0D05DD3D006BFB54 /* Resources */ = {
			isa = PBXResourcesBuildPhase;
			buildActionMask = 2147483647;
			files = (
			);
			runOnlyForDeploymentPostprocessing = 0;
		};
/* End PBXResourcesBuildPhase section */

/* Begin PBXSourcesBuildPhase section */
		1D60588E0D05DD3D006BFB54 /* Sources */ = {
			isa = PBXSourcesBuildPhase;
			buildActionMask = 2147483647;
			files = (
				1D60589B0D05DD56006BFB54 /* main.m in Sources */,
				1D3623260D0F684500981E51 /* iphoneAppDelegate.m in Sources */,
				2F3C411311536954004C57B2 /* CustomerViewController.m in Sources */,
				2F3C413B11536D1A004C57B2 /* CustomerAddController.m in Sources */,
				2F70F357115717EB00595BBF /* Customer.m in Sources */,
				2FA9EF7D115C56850050315B /* Connection.m in Sources */,
				2FA9EF7E115C56850050315B /* ConnectionDelegate.m in Sources */,
				2FA9EF7F115C56850050315B /* NSHTTPURLResponse+Error.m in Sources */,
				2FA9EF80115C56850050315B /* NSMutableURLRequest+ResponseType.m in Sources */,
				2FA9EF81115C56850050315B /* NSObject+ObjectiveResource.m in Sources */,
				2FA9EF82115C56850050315B /* NSString+InflectionSupport.m in Sources */,
				2FA9EF83115C56850050315B /* NSData+Additions.m in Sources */,
				2FA9EF84115C56850050315B /* NSObject+PropertySupport.m in Sources */,
				2FA9EF85115C56850050315B /* NSString+GSub.m in Sources */,
				2FA9EF86115C56850050315B /* ObjectiveResourceDateFormatter.m in Sources */,
				2FA9EF87115C56850050315B /* NSObject+SBJSON.m in Sources */,
				2FA9EF88115C56850050315B /* NSString+SBJSON.m in Sources */,
				2FA9EF89115C56850050315B /* SBJSON.m in Sources */,
				2FA9EF8A115C56850050315B /* NSArray+JSONSerializableSupport.m in Sources */,
				2FA9EF8B115C56850050315B /* NSDictionary+JSONSerializableSupport.m in Sources */,
				2FA9EF8C115C56850050315B /* NSObject+JSONSerializableSupport.m in Sources */,
				2FA9EF8D115C56850050315B /* NSDate+Serialize.m in Sources */,
				2FA9EF8E115C56850050315B /* NSDictionary+KeyTranslation.m in Sources */,
				2FA9EF8F115C56850050315B /* NSObject+Serialize.m in Sources */,
				2FA9EF90115C56850050315B /* NSString+Serialize.m in Sources */,
				2FA9EF91115C56850050315B /* FromXMLElementDelegate.m in Sources */,
				2FA9EF92115C56850050315B /* NSArray+XMLSerializableSupport.m in Sources */,
				2FA9EF93115C56850050315B /* NSDate+XMLSerializableSupport.m in Sources */,
				2FA9EF94115C56850050315B /* NSDictionary+XMLSerializableSupport.m in Sources */,
				2FA9EF95115C56850050315B /* NSNull+XMLSerializableSupport.m in Sources */,
				2FA9EF96115C56850050315B /* NSNumber+XMLSerializableSupport.m in Sources */,
				2FA9EF97115C56850050315B /* NSObject+XMLSerializableSupport.m in Sources */,
				2FA9EF98115C56850050315B /* NSString+XMLSerializableSupport.m in Sources */,
				2FA9EF99115C56850050315B /* ObjectiveResourceConfig.m in Sources */,
				2FA9EF9A115C56850050315B /* Response.m in Sources */,
				2FA9EF9B115C56850050315B /* NSData-SQLitePersistence.m in Sources */,
				2FA9EF9C115C56850050315B /* NSDate-SQLitePersistence.m in Sources */,
				2FA9EF9D115C56850050315B /* NSMutableArray-MultipleSort.m in Sources */,
				2FA9EF9E115C56850050315B /* NSMutableData-SQLitePersistence.m in Sources */,
				2FA9EF9F115C56850050315B /* NSNumber-SQLitePersistence.m in Sources */,
				2FA9EFA0115C56850050315B /* NSObject-ClassName.m in Sources */,
				2FA9EFA1115C56850050315B /* NSObject-MissingKV.m in Sources */,
				2FA9EFA2115C56850050315B /* NSObject-SQLitePersistence.m in Sources */,
				2FA9EFA3115C56850050315B /* NSString-NumberStuff.m in Sources */,
				2FA9EFA4115C56850050315B /* NSString-SQLiteColumnName.m in Sources */,
				2FA9EFA5115C56850050315B /* NSString-SQLitePersistence.m in Sources */,
				2FA9EFA6115C56850050315B /* NSString-UppercaseFirst.m in Sources */,
				2FA9EFA7115C56850050315B /* SQLiteInstanceManager.m in Sources */,
				2FA9EFA8115C56850050315B /* SQLitePersistentObject.m in Sources */,
				2FA9EFA9115C56850050315B /* UIColor-SQLitePersistentObject.m in Sources */,
				2FA9EFAA115C56850050315B /* UIImage-SQLitePersistence.m in Sources */,
			);
			runOnlyForDeploymentPostprocessing = 0;
		};
/* End PBXSourcesBuildPhase section */

/* Begin XCBuildConfiguration section */
		1D6058940D05DD3E006BFB54 /* Debug */ = {
			isa = XCBuildConfiguration;
			buildSettings = {
				ALWAYS_SEARCH_USER_PATHS = NO;
				COPY_PHASE_STRIP = NO;
				GCC_DYNAMIC_NO_PIC = NO;
				GCC_OPTIMIZATION_LEVEL = 0;
				GCC_PRECOMPILE_PREFIX_HEADER = YES;
				GCC_PREFIX_HEADER = iphone_Prefix.pch;
				INFOPLIST_FILE = "iphone-Info.plist";
				PRODUCT_NAME = iphone;
			};
			name = Debug;
		};
		1D6058950D05DD3E006BFB54 /* Release */ = {
			isa = XCBuildConfiguration;
			buildSettings = {
				ALWAYS_SEARCH_USER_PATHS = NO;
				COPY_PHASE_STRIP = YES;
				GCC_PRECOMPILE_PREFIX_HEADER = YES;
				GCC_PREFIX_HEADER = iphone_Prefix.pch;
				INFOPLIST_FILE = "iphone-Info.plist";
				PRODUCT_NAME = iphone;
			};
			name = Release;
		};
		C01FCF4F08A954540054247B /* Debug */ = {
			isa = XCBuildConfiguration;
			buildSettings = {
				ARCHS = "$(ARCHS_STANDARD_32_BIT)";
				"CODE_SIGN_IDENTITY[sdk=iphoneos*]" = "iPhone Developer";
				GCC_C_LANGUAGE_STANDARD = c99;
				GCC_WARN_ABOUT_RETURN_TYPE = YES;
				GCC_WARN_UNUSED_VARIABLE = YES;
				PREBINDING = NO;
				SDKROOT = iphoneos3.1.3;
			};
			name = Debug;
		};
		C01FCF5008A954540054247B /* Release */ = {
			isa = XCBuildConfiguration;
			buildSettings = {
				ARCHS = "$(ARCHS_STANDARD_32_BIT)";
				"CODE_SIGN_IDENTITY[sdk=iphoneos*]" = "iPhone Developer";
				GCC_C_LANGUAGE_STANDARD = c99;
				GCC_WARN_ABOUT_RETURN_TYPE = YES;
				GCC_WARN_UNUSED_VARIABLE = YES;
				PREBINDING = NO;
				SDKROOT = iphoneos3.1.3;
			};
			name = Release;
		};
/* End XCBuildConfiguration section */

/* Begin XCConfigurationList section */
		1D6058960D05DD3E006BFB54 /* Build configuration list for PBXNativeTarget "iphone" */ = {
			isa = XCConfigurationList;
			buildConfigurations = (
				1D6058940D05DD3E006BFB54 /* Debug */,
				1D6058950D05DD3E006BFB54 /* Release */,
			);
			defaultConfigurationIsVisible = 0;
			defaultConfigurationName = Release;
		};
		C01FCF4E08A954540054247B /* Build configuration list for PBXProject "iphone" */ = {
			isa = XCConfigurationList;
			buildConfigurations = (
				C01FCF4F08A954540054247B /* Debug */,
				C01FCF5008A954540054247B /* Release */,
			);
			defaultConfigurationIsVisible = 0;
			defaultConfigurationName = Release;
		};
/* End XCConfigurationList section */
	};
	rootObject = 29B97313FDCFA39411CA2CEA /* Project object */;
}
